
Microsoft Visual Studio Solution File, Format Version 12.00
# Visual Studio Version 16
VisualStudioVersion = 16.0.30523.141
MinimumVisualStudioVersion = 10.0.40219.1
Project("{FAE04EC0-301F-11D3-BF4B-00C04F79EFBC}") = "KLTN", "KLTN\KLTN.csproj", "{513F8B77-CD15-4838-BDEC-8850B89FF193}"
EndProject
Global
	GlobalSection(SolutionConfigurationPlatforms) = preSolution
		Debug|Any CPU = Debug|Any CPU
		Release|Any CPU = Release|Any CPU
	EndGlobalSection
	GlobalSection(ProjectConfigurationPlatforms) = postSolution
		{513F8B77-CD15-4838-BDEC-8850B89FF193}.Debug|Any CPU.ActiveCfg = Debug|Any CPU
		{513F8B77-CD15-4838-BDEC-8850B89FF193}.Debug|Any CPU.Build.0 = Debug|Any CPU
		{513F8B77-CD15-4838-BDEC-8850B89FF193}.Release|Any CPU.ActiveCfg = Release|Any CPU
		{513F8B77-CD15-4838-BDEC-8850B89FF193}.Release|Any CPU.Build.0 = Release|Any CPU
	EndGlobalSection
	GlobalSection(SolutionProperties) = preSolution
		HideSolutionNode = FALSE
	EndGlobalSection
	GlobalSection(ExtensibilityGlobals) = postSolution
		SolutionGuid = {A0BEA729-1786-4608-B3EE-5F15C9234B1F}
	EndGlobalSection
EndGlobal
